
Microsoft Visual Studio Solution File, Format Version 12.00
# Visual Studio 15
VisualStudioVersion = 15.0.28307.902
MinimumVisualStudioVersion = 10.0.40219.1
Project("{9A19103F-16F7-4668-BE54-9A1E7A4F7556}") = "NetCoreNCapas", "NetCoreNCapas\NetCoreNCapas.csproj", "{D6439EC1-0B8D-4D9E-99D5-E1395B79C505}"
EndProject
Project("{9A19103F-16F7-4668-BE54-9A1E7A4F7556}") = "Persistence", "Persistence\Persistence.csproj", "{288501C6-7F74-42E7-8502-E29D9C3DE5F8}"
EndProject
Project("{9A19103F-16F7-4668-BE54-9A1E7A4F7556}") = "Common", "Common\Common.csproj", "{705D07DF-4CC9-41BE-965E-D309644B5B23}"
EndProject
Project("{9A19103F-16F7-4668-BE54-9A1E7A4F7556}") = "Resources", "Resources\Resources.csproj", "{0CBFD2B4-E3B1-4413-875F-A267D09755A8}"
EndProject
Project("{FAE04EC0-301F-11D3-BF4B-00C04F79EFBC}") = "Models", "Models\Models.csproj", "{E95D3B7F-46E8-4C7C-9221-E77FD05035A3}"
EndProject
Global
	GlobalSection(SolutionConfigurationPlatforms) = preSolution
		Debug|Any CPU = Debug|Any CPU
		Release|Any CPU = Release|Any CPU
	EndGlobalSection
	GlobalSection(ProjectConfigurationPlatforms) = postSolution
		{D6439EC1-0B8D-4D9E-99D5-E1395B79C505}.Debug|Any CPU.ActiveCfg = Debug|Any CPU
		{D6439EC1-0B8D-4D9E-99D5-E1395B79C505}.Debug|Any CPU.Build.0 = Debug|Any CPU
		{D6439EC1-0B8D-4D9E-99D5-E1395B79C505}.Release|Any CPU.ActiveCfg = Release|Any CPU
		{D6439EC1-0B8D-4D9E-99D5-E1395B79C505}.Release|Any CPU.Build.0 = Release|Any CPU
		{288501C6-7F74-42E7-8502-E29D9C3DE5F8}.Debug|Any CPU.ActiveCfg = Debug|Any CPU
		{288501C6-7F74-42E7-8502-E29D9C3DE5F8}.Debug|Any CPU.Build.0 = Debug|Any CPU
		{288501C6-7F74-42E7-8502-E29D9C3DE5F8}.Release|Any CPU.ActiveCfg = Release|Any CPU
		{288501C6-7F74-42E7-8502-E29D9C3DE5F8}.Release|Any CPU.Build.0 = Release|Any CPU
		{705D07DF-4CC9-41BE-965E-D309644B5B23}.Debug|Any CPU.ActiveCfg = Debug|Any CPU
		{705D07DF-4CC9-41BE-965E-D309644B5B23}.Debug|Any CPU.Build.0 = Debug|Any CPU
		{705D07DF-4CC9-41BE-965E-D309644B5B23}.Release|Any CPU.ActiveCfg = Release|Any CPU
		{705D07DF-4CC9-41BE-965E-D309644B5B23}.Release|Any CPU.Build.0 = Release|Any CPU
		{0CBFD2B4-E3B1-4413-875F-A267D09755A8}.Debug|Any CPU.ActiveCfg = Debug|Any CPU
		{0CBFD2B4-E3B1-4413-875F-A267D09755A8}.Debug|Any CPU.Build.0 = Debug|Any CPU
		{0CBFD2B4-E3B1-4413-875F-A267D09755A8}.Release|Any CPU.ActiveCfg = Release|Any CPU
		{0CBFD2B4-E3B1-4413-875F-A267D09755A8}.Release|Any CPU.Build.0 = Release|Any CPU
		{E95D3B7F-46E8-4C7C-9221-E77FD05035A3}.Debug|Any CPU.ActiveCfg = Debug|Any CPU
		{E95D3B7F-46E8-4C7C-9221-E77FD05035A3}.Debug|Any CPU.Build.0 = Debug|Any CPU
		{E95D3B7F-46E8-4C7C-9221-E77FD05035A3}.Release|Any CPU.ActiveCfg = Release|Any CPU
		{E95D3B7F-46E8-4C7C-9221-E77FD05035A3}.Release|Any CPU.Build.0 = Release|Any CPU
	EndGlobalSection
	GlobalSection(SolutionProperties) = preSolution
		HideSolutionNode = FALSE
	EndGlobalSection
	GlobalSection(ExtensibilityGlobals) = postSolution
		SolutionGuid = {B06F22D0-C1E4-4711-A7C7-98173BF262DA}
	EndGlobalSection
EndGlobal
